
Microsoft Visual Studio Solution File, Format Version 12.00
# Visual Studio Version 17
VisualStudioVersion = 17.11.35219.272
MinimumVisualStudioVersion = 10.0.40219.1
Project("{FAE04EC0-301F-11D3-BF4B-00C04F79EFBC}") = "FFmpegGuiApp", "FFmpegGuiApp.csproj", "{575625B9-19E1-44E0-A2B6-4EFB4E85A0F9}"
EndProject
Global
	GlobalSection(SolutionConfigurationPlatforms) = preSolution
		Debug|Any CPU = Debug|Any CPU
		Release|Any CPU = Release|Any CPU
	EndGlobalSection
	GlobalSection(ProjectConfigurationPlatforms) = postSolution
		{575625B9-19E1-44E0-A2B6-4EFB4E85A0F9}.Debug|Any CPU.ActiveCfg = Debug|Any CPU
		{575625B9-19E1-44E0-A2B6-4EFB4E85A0F9}.Debug|Any CPU.Build.0 = Debug|Any CPU
		{575625B9-19E1-44E0-A2B6-4EFB4E85A0F9}.Release|Any CPU.ActiveCfg = Release|Any CPU
		{575625B9-19E1-44E0-A2B6-4EFB4E85A0F9}.Release|Any CPU.Build.0 = Release|Any CPU
	EndGlobalSection
	GlobalSection(SolutionProperties) = preSolution
		HideSolutionNode = FALSE
	EndGlobalSection
	GlobalSection(ExtensibilityGlobals) = postSolution
		SolutionGuid = {C0999200-B668-4866-AABC-E245E4C1F937}
	EndGlobalSection
EndGlobal
